
Microsoft Visual Studio Solution File, Format Version 12.00
# Visual Studio Version 17
VisualStudioVersion = 17.3.32929.385
MinimumVisualStudioVersion = 10.0.40219.1
Project("{FAE04EC0-301F-11D3-BF4B-00C04F79EFBC}") = "Asp.Net.Core MVC", "Asp.Net.Core MVC\Asp.Net.Core MVC.csproj", "{3F25CF09-FD06-480D-8383-1C1750C79452}"
EndProject
Global
	GlobalSection(SolutionConfigurationPlatforms) = preSolution
		Debug|Any CPU = Debug|Any CPU
		Release|Any CPU = Release|Any CPU
	EndGlobalSection
	GlobalSection(ProjectConfigurationPlatforms) = postSolution
		{3F25CF09-FD06-480D-8383-1C1750C79452}.Debug|Any CPU.ActiveCfg = Debug|Any CPU
		{3F25CF09-FD06-480D-8383-1C1750C79452}.Debug|Any CPU.Build.0 = Debug|Any CPU
		{3F25CF09-FD06-480D-8383-1C1750C79452}.Release|Any CPU.ActiveCfg = Release|Any CPU
		{3F25CF09-FD06-480D-8383-1C1750C79452}.Release|Any CPU.Build.0 = Release|Any CPU
	EndGlobalSection
	GlobalSection(SolutionProperties) = preSolution
		HideSolutionNode = FALSE
	EndGlobalSection
	GlobalSection(ExtensibilityGlobals) = postSolution
		SolutionGuid = {9E031519-018B-4114-A88D-6D343024F580}
	EndGlobalSection
EndGlobal
